// !$*UTF8*$!
{
	archiveVersion = 1;
	classes = {
	};
	objectVersion = 56;
	objects = {

/* Begin PBXBuildFile section */
		D07F384A2BA35B0E00863229 /* JustinCardApp.swift in Sources */ = {isa = PBXBuildFile; fileRef = D07F38492BA35B0E00863229 /* JustinCardApp.swift */; };
		D07F384C2BA35B0E00863229 /* ContentView.swift in Sources */ = {isa = PBXBuildFile; fileRef = D07F384B2BA35B0E00863229 /* ContentView.swift */; };
		D07F384E2BA35B1100863229 /* Assets.xcassets in Resources */ = {isa = PBXBuildFile; fileRef = D07F384D2BA35B1100863229 /* Assets.xcassets */; };
		D07F38512BA35B1100863229 /* Preview Assets.xcassets in Resources */ = {isa = PBXBuildFile; fileRef = D07F38502BA35B1100863229 /* Preview Assets.xcassets */; };
		D07F385B2BA35B1100863229 /* JustinCardTests.swift in Sources */ = {isa = PBXBuildFile; fileRef = D07F385A2BA35B1100863229 /* JustinCardTests.swift */; };
		D07F38652BA35B1100863229 /* JustinCardUITests.swift in Sources */ = {isa = PBXBuildFile; fileRef = D07F38642BA35B1100863229 /* JustinCardUITests.swift */; };
		D07F38672BA35B1100863229 /* JustinCardUITestsLaunchTests.swift in Sources */ = {isa = PBXBuildFile; fileRef = D07F38662BA35B1100863229 /* JustinCardUITestsLaunchTests.swift */; };
/* End PBXBuildFile section */

/* Begin PBXContainerItemProxy section */
		D07F38572BA35B1100863229 /* PBXContainerItemProxy */ = {
			isa = PBXContainerItemProxy;
			containerPortal = D07F383E2BA35B0E00863229 /* Project object */;
			proxyType = 1;
			remoteGlobalIDString = D07F38452BA35B0E00863229;
			remoteInfo = JustinCard;
		};
		D07F38612BA35B1100863229 /* PBXContainerItemProxy */ = {
			isa = PBXContainerItemProxy;
			containerPortal = D07F383E2BA35B0E00863229 /* Project object */;
			proxyType = 1;
			remoteGlobalIDString = D07F38452BA35B0E00863229;
			remoteInfo = JustinCard;
		};
/* End PBXContainerItemProxy section */

/* Begin PBXFileReference section */
		D07F38462BA35B0E00863229 /* JustinCard.app */ = {isa = PBXFileReference; explicitFileType = wrapper.application; includeInIndex = 0; path = JustinCard.app; sourceTree = BUILT_PRODUCTS_DIR; };
		D07F38492BA35B0E00863229 /* JustinCardApp.swift */ = {isa = PBXFileReference; lastKnownFileType = sourcecode.swift; path = JustinCardApp.swift; sourceTree = "<group>"; };
		D07F384B2BA35B0E00863229 /* ContentView.swift */ = {isa = PBXFileReference; lastKnownFileType = sourcecode.swift; path = ContentView.swift; sourceTree = "<group>"; };
		D07F384D2BA35B1100863229 /* Assets.xcassets */ = {isa = PBXFileReference; lastKnownFileType = folder.assetcatalog; path = Assets.xcassets; sourceTree = "<group>"; };
		D07F38502BA35B1100863229 /* Preview Assets.xcassets */ = {isa = PBXFileReference; lastKnownFileType = folder.assetcatalog; path = "Preview Assets.xcassets"; sourceTree = "<group>"; };
		D07F38562BA35B1100863229 /* JustinCardTests.xctest */ = {isa = PBXFileReference; explicitFileType = wrapper.cfbundle; includeInIndex = 0; path = JustinCardTests.xctest; sourceTree = BUILT_PRODUCTS_DIR; };
		D07F385A2BA35B1100863229 /* JustinCardTests.swift */ = {isa = PBXFileReference; lastKnownFileType = sourcecode.swift; path = JustinCardTests.swift; sourceTree = "<group>"; };
		D07F38602BA35B1100863229 /* JustinCardUITests.xctest */ = {isa = PBXFileReference; explicitFileType = wrapper.cfbundle; includeInIndex = 0; path = JustinCardUITests.xctest; sourceTree = BUILT_PRODUCTS_DIR; };
		D07F38642BA35B1100863229 /* JustinCardUITests.swift */ = {isa = PBXFileReference; lastKnownFileType = sourcecode.swift; path = JustinCardUITests.swift; sourceTree = "<group>"; };
		D07F38662BA35B1100863229 /* JustinCardUITestsLaunchTests.swift */ = {isa = PBXFileReference; lastKnownFileType = sourcecode.swift; path = JustinCardUITestsLaunchTests.swift; sourceTree = "<group>"; };
/* End PBXFileReference section */

/* Begin PBXFrameworksBuildPhase section */
		D07F38432BA35B0E00863229 /* Frameworks */ = {
			isa = PBXFrameworksBuildPhase;
			buildActionMask = 2147483647;
			files = (
			);
			runOnlyForDeploymentPostprocessing = 0;
		};
		D07F38532BA35B1100863229 /* Frameworks */ = {
			isa = PBXFrameworksBuildPhase;
			buildActionMask = 2147483647;
			files = (
			);
			runOnlyForDeploymentPostprocessing = 0;
		};
		D07F385D2BA35B1100863229 /* Frameworks */ = {
			isa = PBXFrameworksBuildPhase;
			buildActionMask = 2147483647;
			files = (
			);
			runOnlyForDeploymentPostprocessing = 0;
		};
/* End PBXFrameworksBuildPhase section */

/* Begin PBXGroup section */
		D07F383D2BA35B0E00863229 = {
			isa = PBXGroup;
			children = (
				D07F38482BA35B0E00863229 /* JustinCard */,
				D07F38592BA35B1100863229 /* JustinCardTests */,
				D07F38632BA35B1100863229 /* JustinCardUITests */,
				D07F38472BA35B0E00863229 /* Products */,
			);
			sourceTree = "<group>";
		};
		D07F38472BA35B0E00863229 /* Products */ = {
			isa = PBXGroup;
			children = (
				D07F38462BA35B0E00863229 /* JustinCard.app */,
				D07F38562BA35B1100863229 /* JustinCardTests.xctest */,
				D07F38602BA35B1100863229 /* JustinCardUITests.xctest */,
			);
			name = Products;
			sourceTree = "<group>";
		};
		D07F38482BA35B0E00863229 /* JustinCard */ = {
			isa = PBXGroup;
			children = (
				D07F38492BA35B0E00863229 /* JustinCardApp.swift */,
				D07F384B2BA35B0E00863229 /* ContentView.swift */,
				D07F384D2BA35B1100863229 /* Assets.xcassets */,
				D07F384F2BA35B1100863229 /* Preview Content */,
			);
			path = JustinCard;
			sourceTree = "<group>";
		};
		D07F384F2BA35B1100863229 /* Preview Content */ = {
			isa = PBXGroup;
			children = (
				D07F38502BA35B1100863229 /* Preview Assets.xcassets */,
			);
			path = "Preview Content";
			sourceTree = "<group>";
		};
		D07F38592BA35B1100863229 /* JustinCardTests */ = {
			isa = PBXGroup;
			children = (
				D07F385A2BA35B1100863229 /* JustinCardTests.swift */,
			);
			path = JustinCardTests;
			sourceTree = "<group>";
		};
		D07F38632BA35B1100863229 /* JustinCardUITests */ = {
			isa = PBXGroup;
			children = (
				D07F38642BA35B1100863229 /* JustinCardUITests.swift */,
				D07F38662BA35B1100863229 /* JustinCardUITestsLaunchTests.swift */,
			);
			path = JustinCardUITests;
			sourceTree = "<group>";
		};
/* End PBXGroup section */

/* Begin PBXNativeTarget section */
		D07F38452BA35B0E00863229 /* JustinCard */ = {
			isa = PBXNativeTarget;
			buildConfigurationList = D07F386A2BA35B1200863229 /* Build configuration list for PBXNativeTarget "JustinCard" */;
			buildPhases = (
				D07F38422BA35B0E00863229 /* Sources */,
				D07F38432BA35B0E00863229 /* Frameworks */,
				D07F38442BA35B0E00863229 /* Resources */,
			);
			buildRules = (
			);
			dependencies = (
			);
			name = JustinCard;
			productName = JustinCard;
			productReference = D07F38462BA35B0E00863229 /* JustinCard.app */;
			productType = "com.apple.product-type.application";
		};
		D07F38552BA35B1100863229 /* JustinCardTests */ = {
			isa = PBXNativeTarget;
			buildConfigurationList = D07F386D2BA35B1200863229 /* Build configuration list for PBXNativeTarget "JustinCardTests" */;
			buildPhases = (
				D07F38522BA35B1100863229 /* Sources */,
				D07F38532BA35B1100863229 /* Frameworks */,
				D07F38542BA35B1100863229 /* Resources */,
			);
			buildRules = (
			);
			dependencies = (
				D07F38582BA35B1100863229 /* PBXTargetDependency */,
			);
			name = JustinCardTests;
			productName = JustinCardTests;
			productReference = D07F38562BA35B1100863229 /* JustinCardTests.xctest */;
			productType = "com.apple.product-type.bundle.unit-test";
		};
		D07F385F2BA35B1100863229 /* JustinCardUITests */ = {
			isa = PBXNativeTarget;
			buildConfigurationList = D07F38702BA35B1200863229 /* Build configuration list for PBXNativeTarget "JustinCardUITests" */;
			buildPhases = (
				D07F385C2BA35B1100863229 /* Sources */,
				D07F385D2BA35B1100863229 /* Frameworks */,
				D07F385E2BA35B1100863229 /* Resources */,
			);
			buildRules = (
			);
			dependencies = (
				D07F38622BA35B1100863229 /* PBXTargetDependency */,
			);
			name = JustinCardUITests;
			productName = JustinCardUITests;
			productReference = D07F38602BA35B1100863229 /* JustinCardUITests.xctest */;
			productType = "com.apple.product-type.bundle.ui-testing";
		};
/* End PBXNativeTarget section */

/* Begin PBXProject section */
		D07F383E2BA35B0E00863229 /* Project object */ = {
			isa = PBXProject;
			attributes = {
				BuildIndependentTargetsInParallel = 1;
				LastSwiftUpdateCheck = 1530;
				LastUpgradeCheck = 1530;
				TargetAttributes = {
					D07F38452BA35B0E00863229 = {
						CreatedOnToolsVersion = 15.3;
					};
					D07F38552BA35B1100863229 = {
						CreatedOnToolsVersion = 15.3;
						TestTargetID = D07F38452BA35B0E00863229;
					};
					D07F385F2BA35B1100863229 = {
						CreatedOnToolsVersion = 15.3;
						TestTargetID = D07F38452BA35B0E00863229;
					};
				};
			};
			buildConfigurationList = D07F38412BA35B0E00863229 /* Build configuration list for PBXProject "JustinCard" */;
			compatibilityVersion = "Xcode 14.0";
			developmentRegion = en;
			hasScannedForEncodings = 0;
			knownRegions = (
				en,
				Base,
			);
			mainGroup = D07F383D2BA35B0E00863229;
			productRefGroup = D07F38472BA35B0E00863229 /* Products */;
			projectDirPath = "";
			projectRoot = "";
			targets = (
				D07F38452BA35B0E00863229 /* JustinCard */,
				D07F38552BA35B1100863229 /* JustinCardTests */,
				D07F385F2BA35B1100863229 /* JustinCardUITests */,
			);
		};
/* End PBXProject section */

/* Begin PBXResourcesBuildPhase section */
		D07F38442BA35B0E00863229 /* Resources */ = {
			isa = PBXResourcesBuildPhase;
			buildActionMask = 2147483647;
			files = (
				D07F38512BA35B1100863229 /* Preview Assets.xcassets in Resources */,
				D07F384E2BA35B1100863229 /* Assets.xcassets in Resources */,
			);
			runOnlyForDeploymentPostprocessing = 0;
		};
		D07F38542BA35B1100863229 /* Resources */ = {
			isa = PBXResourcesBuildPhase;
			buildActionMask = 2147483647;
			files = (
			);
			runOnlyForDeploymentPostprocessing = 0;
		};
		D07F385E2BA35B1100863229 /* Resources */ = {
			isa = PBXResourcesBuildPhase;
			buildActionMask = 2147483647;
			files = (
			);
			runOnlyForDeploymentPostprocessing = 0;
		};
/* End PBXResourcesBuildPhase section */

/* Begin PBXSourcesBuildPhase section */
		D07F38422BA35B0E00863229 /* Sources */ = {
			isa = PBXSourcesBuildPhase;
			buildActionMask = 2147483647;
			files = (
				D07F384C2BA35B0E00863229 /* ContentView.swift in Sources */,
				D07F384A2BA35B0E00863229 /* JustinCardApp.swift in Sources */,
			);
			runOnlyForDeploymentPostprocessing = 0;
		};
		D07F38522BA35B1100863229 /* Sources */ = {
			isa = PBXSourcesBuildPhase;
			buildActionMask = 2147483647;
			files = (
				D07F385B2BA35B1100863229 /* JustinCardTests.swift in Sources */,
			);
			runOnlyForDeploymentPostprocessing = 0;
		};
		D07F385C2BA35B1100863229 /* Sources */ = {
			isa = PBXSourcesBuildPhase;
			buildActionMask = 2147483647;
			files = (
				D07F38652BA35B1100863229 /* JustinCardUITests.swift in Sources */,
				D07F38672BA35B1100863229 /* JustinCardUITestsLaunchTests.swift in Sources */,
			);
			runOnlyForDeploymentPostprocessing = 0;
		};
/* End PBXSourcesBuildPhase section */

/* Begin PBXTargetDependency section */
		D07F38582BA35B1100863229 /* PBXTargetDependency */ = {
			isa = PBXTargetDependency;
			target = D07F38452BA35B0E00863229 /* JustinCard */;
			targetProxy = D07F38572BA35B1100863229 /* PBXContainerItemProxy */;
		};
		D07F38622BA35B1100863229 /* PBXTargetDependency */ = {
			isa = PBXTargetDependency;
			target = D07F38452BA35B0E00863229 /* JustinCard */;
			targetProxy = D07F38612BA35B1100863229 /* PBXContainerItemProxy */;
		};
/* End PBXTargetDependency section */

/* Begin XCBuildConfiguration section */
		D07F38682BA35B1100863229 /* Debug */ = {
			isa = XCBuildConfiguration;
			buildSettings = {
				ALWAYS_SEARCH_USER_PATHS = NO;
				ASSETCATALOG_COMPILER_GENERATE_SWIFT_ASSET_SYMBOL_EXTENSIONS = YES;
				CLANG_ANALYZER_NONNULL = YES;
				CLANG_ANALYZER_NUMBER_OBJECT_CONVERSION = YES_AGGRESSIVE;
				CLANG_CXX_LANGUAGE_STANDARD = "gnu++20";
				CLANG_ENABLE_MODULES = YES;
				CLANG_ENABLE_OBJC_ARC = YES;
				CLANG_ENABLE_OBJC_WEAK = YES;
				CLANG_WARN_BLOCK_CAPTURE_AUTORELEASING = YES;
				CLANG_WARN_BOOL_CONVERSION = YES;
				CLANG_WARN_COMMA = YES;
				CLANG_WARN_CONSTANT_CONVERSION = YES;
				CLANG_WARN_DEPRECATED_OBJC_IMPLEMENTATIONS = YES;
				CLANG_WARN_DIRECT_OBJC_ISA_USAGE = YES_ERROR;
				CLANG_WARN_DOCUMENTATION_COMMENTS = YES;
				CLANG_WARN_EMPTY_BODY = YES;
				CLANG_WARN_ENUM_CONVERSION = YES;
				CLANG_WARN_INFINITE_RECURSION = YES;
				CLANG_WARN_INT_CONVERSION = YES;
				CLANG_WARN_NON_LITERAL_NULL_CONVERSION = YES;
				CLANG_WARN_OBJC_IMPLICIT_RETAIN_SELF = YES;
				CLANG_WARN_OBJC_LITERAL_CONVERSION = YES;
				CLANG_WARN_OBJC_ROOT_CLASS = YES_ERROR;
				CLANG_WARN_QUOTED_INCLUDE_IN_FRAMEWORK_HEADER = YES;
				CLANG_WARN_RANGE_LOOP_ANALYSIS = YES;
				CLANG_WARN_STRICT_PROTOTYPES = YES;
				CLANG_WARN_SUSPICIOUS_MOVE = YES;
				CLANG_WARN_UNGUARDED_AVAILABILITY = YES_AGGRESSIVE;
				CLANG_WARN_UNREACHABLE_CODE = YES;
				CLANG_WARN__DUPLICATE_METHOD_MATCH = YES;
				COPY_PHASE_STRIP = NO;
				DEBUG_INFORMATION_FORMAT = dwarf;
				ENABLE_STRICT_OBJC_MSGSEND = YES;
				ENABLE_TESTABILITY = YES;
				ENABLE_USER_SCRIPT_SANDBOXING = YES;
				GCC_C_LANGUAGE_STANDARD = gnu17;
				GCC_DYNAMIC_NO_PIC = NO;
				GCC_NO_COMMON_BLOCKS = YES;
				GCC_OPTIMIZATION_LEVEL = 0;
				GCC_PREPROCESSOR_DEFINITIONS = (
					"DEBUG=1",
					"$(inherited)",
				);
				GCC_WARN_64_TO_32_BIT_CONVERSION = YES;
				GCC_WARN_ABOUT_RETURN_TYPE = YES_ERROR;
				GCC_WARN_UNDECLARED_SELECTOR = YES;
				GCC_WARN_UNINITIALIZED_AUTOS = YES_AGGRESSIVE;
				GCC_WARN_UNUSED_FUNCTION = YES;
				GCC_WARN_UNUSED_VARIABLE = YES;
				IPHONEOS_DEPLOYMENT_TARGET = 17.4;
				LOCALIZATION_PREFERS_STRING_CATALOGS = YES;
				MTL_ENABLE_DEBUG_INFO = INCLUDE_SOURCE;
				MTL_FAST_MATH = YES;
				ONLY_ACTIVE_ARCH = YES;
				SDKROOT = iphoneos;
				SWIFT_ACTIVE_COMPILATION_CONDITIONS = "DEBUG $(inherited)";
				SWIFT_OPTIMIZATION_LEVEL = "-Onone";
			};
			name = Debug;
		};
		D07F38692BA35B1100863229 /* Release */ = {
			isa = XCBuildConfiguration;
			buildSettings = {
				ALWAYS_SEARCH_USER_PATHS = NO;
				ASSETCATALOG_COMPILER_GENERATE_SWIFT_ASSET_SYMBOL_EXTENSIONS = YES;
				CLANG_ANALYZER_NONNULL = YES;
				CLANG_ANALYZER_NUMBER_OBJECT_CONVERSION = YES_AGGRESSIVE;
				CLANG_CXX_LANGUAGE_STANDARD = "gnu++20";
				CLANG_ENABLE_MODULES = YES;
				CLANG_ENABLE_OBJC_ARC = YES;
				CLANG_ENABLE_OBJC_WEAK = YES;
				CLANG_WARN_BLOCK_CAPTURE_AUTORELEASING = YES;
				CLANG_WARN_BOOL_CONVERSION = YES;
				CLANG_WARN_COMMA = YES;
				CLANG_WARN_CONSTANT_CONVERSION = YES;
				CLANG_WARN_DEPRECATED_OBJC_IMPLEMENTATIONS = YES;
				CLANG_WARN_DIRECT_OBJC_ISA_USAGE = YES_ERROR;
				CLANG_WARN_DOCUMENTATION_COMMENTS = YES;
				CLANG_WARN_EMPTY_BODY = YES;
				CLANG_WARN_ENUM_CONVERSION = YES;
				CLANG_WARN_INFINITE_RECURSION = YES;
				CLANG_WARN_INT_CONVERSION = YES;
				CLANG_WARN_NON_LITERAL_NULL_CONVERSION = YES;
				CLANG_WARN_OBJC_IMPLICIT_RETAIN_SELF = YES;
				CLANG_WARN_OBJC_LITERAL_CONVERSION = YES;
				CLANG_WARN_OBJC_ROOT_CLASS = YES_ERROR;
				CLANG_WARN_QUOTED_INCLUDE_IN_FRAMEWORK_HEADER = YES;
				CLANG_WARN_RANGE_LOOP_ANALYSIS = YES;
				CLANG_WARN_STRICT_PROTOTYPES = YES;
				CLANG_WARN_SUSPICIOUS_MOVE = YES;
				CLANG_WARN_UNGUARDED_AVAILABILITY = YES_AGGRESSIVE;
				CLANG_WARN_UNREACHABLE_CODE = YES;
				CLANG_WARN__DUPLICATE_METHOD_MATCH = YES;
				COPY_PHASE_STRIP = NO;
				DEBUG_INFORMATION_FORMAT = "dwarf-with-dsym";
				ENABLE_NS_ASSERTIONS = NO;
				ENABLE_STRICT_OBJC_MSGSEND = YES;
				ENABLE_USER_SCRIPT_SANDBOXING = YES;
				GCC_C_LANGUAGE_STANDARD = gnu17;
				GCC_NO_COMMON_BLOCKS = YES;
				GCC_WARN_64_TO_32_BIT_CONVERSION = YES;
				GCC_WARN_ABOUT_RETURN_TYPE = YES_ERROR;
				GCC_WARN_UNDECLARED_SELECTOR = YES;
				GCC_WARN_UNINITIALIZED_AUTOS = YES_AGGRESSIVE;
				GCC_WARN_UNUSED_FUNCTION = YES;
				GCC_WARN_UNUSED_VARIABLE = YES;
				IPHONEOS_DEPLOYMENT_TARGET = 17.4;
				LOCALIZATION_PREFERS_STRING_CATALOGS = YES;
				MTL_ENABLE_DEBUG_INFO = NO;
				MTL_FAST_MATH = YES;
				SDKROOT = iphoneos;
				SWIFT_COMPILATION_MODE = wholemodule;
				VALIDATE_PRODUCT = YES;
			};
			name = Release;
		};
		D07F386B2BA35B1200863229 /* Debug */ = {
			isa = XCBuildConfiguration;
			buildSettings = {
				ASSETCATALOG_COMPILER_APPICON_NAME = AppIcon;
				ASSETCATALOG_COMPILER_GLOBAL_ACCENT_COLOR_NAME = AccentColor;
				CODE_SIGN_STYLE = Automatic;
				CURRENT_PROJECT_VERSION = 1;
				DEVELOPMENT_ASSET_PATHS = "\"JustinCard/Preview Content\"";
				DEVELOPMENT_TEAM = W4DF9D7U38;
				ENABLE_PREVIEWS = YES;
				GENERATE_INFOPLIST_FILE = YES;
				INFOPLIST_KEY_UIApplicationSceneManifest_Generation = YES;
				INFOPLIST_KEY_UIApplicationSupportsIndirectInputEvents = YES;
				INFOPLIST_KEY_UILaunchScreen_Generation = YES;
				INFOPLIST_KEY_UISupportedInterfaceOrientations_iPad = "UIInterfaceOrientationPortrait UIInterfaceOrientationPortraitUpsideDown UIInterfaceOrientationLandscapeLeft UIInterfaceOrientationLandscapeRight";
				INFOPLIST_KEY_UISupportedInterfaceOrientations_iPhone = "UIInterfaceOrientationPortrait UIInterfaceOrientationLandscapeLeft UIInterfaceOrientationLandscapeRight";
				LD_RUNPATH_SEARCH_PATHS = (
					"$(inherited)",
					"@executable_path/Frameworks",
				);
				MARKETING_VERSION = 1.0;
				PRODUCT_BUNDLE_IDENTIFIER = com.aspiringsoftware.JustinCard;
				PRODUCT_NAME = "$(TARGET_NAME)";
				SWIFT_EMIT_LOC_STRINGS = YES;
				SWIFT_VERSION = 5.0;
				TARGETED_DEVICE_FAMILY = "1,2";
			};
			name = Debug;
		};
		D07F386C2BA35B1200863229 /* Release */ = {
			isa = XCBuildConfiguration;
			buildSettings = {
				ASSETCATALOG_COMPILER_APPICON_NAME = AppIcon;
				ASSETCATALOG_COMPILER_GLOBAL_ACCENT_COLOR_NAME = AccentColor;
				CODE_SIGN_STYLE = Automatic;
				CURRENT_PROJECT_VERSION = 1;
				DEVELOPMENT_ASSET_PATHS = "\"JustinCard/Preview Content\"";
				DEVELOPMENT_TEAM = W4DF9D7U38;
				ENABLE_PREVIEWS = YES;
				GENERATE_INFOPLIST_FILE = YES;
				INFOPLIST_KEY_UIApplicationSceneManifest_Generation = YES;
				INFOPLIST_KEY_UIApplicationSupportsIndirectInputEvents = YES;
				INFOPLIST_KEY_UILaunchScreen_Generation = YES;
				INFOPLIST_KEY_UISupportedInterfaceOrientations_iPad = "UIInterfaceOrientationPortrait UIInterfaceOrientationPortraitUpsideDown UIInterfaceOrientationLandscapeLeft UIInterfaceOrientationLandscapeRight";
				INFOPLIST_KEY_UISupportedInterfaceOrientations_iPhone = "UIInterfaceOrientationPortrait UIInterfaceOrientationLandscapeLeft UIInterfaceOrientationLandscapeRight";
				LD_RUNPATH_SEARCH_PATHS = (
					"$(inherited)",
					"@executable_path/Frameworks",
				);
				MARKETING_VERSION = 1.0;
				PRODUCT_BUNDLE_IDENTIFIER = com.aspiringsoftware.JustinCard;
				PRODUCT_NAME = "$(TARGET_NAME)";
				SWIFT_EMIT_LOC_STRINGS = YES;
				SWIFT_VERSION = 5.0;
				TARGETED_DEVICE_FAMILY = "1,2";
			};
			name = Release;
		};
		D07F386E2BA35B1200863229 /* Debug */ = {
			isa = XCBuildConfiguration;
			buildSettings = {
				ALWAYS_EMBED_SWIFT_STANDARD_LIBRARIES = YES;
				BUNDLE_LOADER = "$(TEST_HOST)";
				CODE_SIGN_STYLE = Automatic;
				CURRENT_PROJECT_VERSION = 1;
				DEVELOPMENT_TEAM = W4DF9D7U38;
				GENERATE_INFOPLIST_FILE = YES;
				IPHONEOS_DEPLOYMENT_TARGET = 17.4;
				MARKETING_VERSION = 1.0;
				PRODUCT_BUNDLE_IDENTIFIER = com.aspiringsoftware.JustinCardTests;
				PRODUCT_NAME = "$(TARGET_NAME)";
				SWIFT_EMIT_LOC_STRINGS = NO;
				SWIFT_VERSION = 5.0;
				TARGETED_DEVICE_FAMILY = "1,2";
				TEST_HOST = "$(BUILT_PRODUCTS_DIR)/JustinCard.app/$(BUNDLE_EXECUTABLE_FOLDER_PATH)/JustinCard";
			};
			name = Debug;
		};
		D07F386F2BA35B1200863229 /* Release */ = {
			isa = XCBuildConfiguration;
			buildSettings = {
				ALWAYS_EMBED_SWIFT_STANDARD_LIBRARIES = YES;
				BUNDLE_LOADER = "$(TEST_HOST)";
				CODE_SIGN_STYLE = Automatic;
				CURRENT_PROJECT_VERSION = 1;
				DEVELOPMENT_TEAM = W4DF9D7U38;
				GENERATE_INFOPLIST_FILE = YES;
				IPHONEOS_DEPLOYMENT_TARGET = 17.4;
				MARKETING_VERSION = 1.0;
				PRODUCT_BUNDLE_IDENTIFIER = com.aspiringsoftware.JustinCardTests;
				PRODUCT_NAME = "$(TARGET_NAME)";
				SWIFT_EMIT_LOC_STRINGS = NO;
				SWIFT_VERSION = 5.0;
				TARGETED_DEVICE_FAMILY = "1,2";
				TEST_HOST = "$(BUILT_PRODUCTS_DIR)/JustinCard.app/$(BUNDLE_EXECUTABLE_FOLDER_PATH)/JustinCard";
			};
			name = Release;
		};
		D07F38712BA35B1200863229 /* Debug */ = {
			isa = XCBuildConfiguration;
			buildSettings = {
				ALWAYS_EMBED_SWIFT_STANDARD_LIBRARIES = YES;
				CODE_SIGN_STYLE = Automatic;
				CURRENT_PROJECT_VERSION = 1;
				DEVELOPMENT_TEAM = W4DF9D7U38;
				GENERATE_INFOPLIST_FILE = YES;
				MARKETING_VERSION = 1.0;
				PRODUCT_BUNDLE_IDENTIFIER = com.aspiringsoftware.JustinCardUITests;
				PRODUCT_NAME = "$(TARGET_NAME)";
				SWIFT_EMIT_LOC_STRINGS = NO;
				SWIFT_VERSION = 5.0;
				TARGETED_DEVICE_FAMILY = "1,2";
				TEST_TARGET_NAME = JustinCard;
			};
			name = Debug;
		};
		D07F38722BA35B1200863229 /* Release */ = {
			isa = XCBuildConfiguration;
			buildSettings = {
				ALWAYS_EMBED_SWIFT_STANDARD_LIBRARIES = YES;
				CODE_SIGN_STYLE = Automatic;
				CURRENT_PROJECT_VERSION = 1;
				DEVELOPMENT_TEAM = W4DF9D7U38;
				GENERATE_INFOPLIST_FILE = YES;
				MARKETING_VERSION = 1.0;
				PRODUCT_BUNDLE_IDENTIFIER = com.aspiringsoftware.JustinCardUITests;
				PRODUCT_NAME = "$(TARGET_NAME)";
				SWIFT_EMIT_LOC_STRINGS = NO;
				SWIFT_VERSION = 5.0;
				TARGETED_DEVICE_FAMILY = "1,2";
				TEST_TARGET_NAME = JustinCard;
			};
			name = Release;
		};
/* End XCBuildConfiguration section */

/* Begin XCConfigurationList section */
		D07F38412BA35B0E00863229 /* Build configuration list for PBXProject "JustinCard" */ = {
			isa = XCConfigurationList;
			buildConfigurations = (
				D07F38682BA35B1100863229 /* Debug */,
				D07F38692BA35B1100863229 /* Release */,
			);
			defaultConfigurationIsVisible = 0;
			defaultConfigurationName = Release;
		};
		D07F386A2BA35B1200863229 /* Build configuration list for PBXNativeTarget "JustinCard" */ = {
			isa = XCConfigurationList;
			buildConfigurations = (
				D07F386B2BA35B1200863229 /* Debug */,
				D07F386C2BA35B1200863229 /* Release */,
			);
			defaultConfigurationIsVisible = 0;
			defaultConfigurationName = Release;
		};
		D07F386D2BA35B1200863229 /* Build configuration list for PBXNativeTarget "JustinCardTests" */ = {
			isa = XCConfigurationList;
			buildConfigurations = (
				D07F386E2BA35B1200863229 /* Debug */,
				D07F386F2BA35B1200863229 /* Release */,
			);
			defaultConfigurationIsVisible = 0;
			defaultConfigurationName = Release;
		};
		D07F38702BA35B1200863229 /* Build configuration list for PBXNativeTarget "JustinCardUITests" */ = {
			isa = XCConfigurationList;
			buildConfigurations = (
				D07F38712BA35B1200863229 /* Debug */,
				D07F38722BA35B1200863229 /* Release */,
			);
			defaultConfigurationIsVisible = 0;
			defaultConfigurationName = Release;
		};
/* End XCConfigurationList section */
	};
	rootObject = D07F383E2BA35B0E00863229 /* Project object */;
}
